
Microsoft Visual Studio Solution File, Format Version 12.00
# Visual Studio 15
VisualStudioVersion = 15.0.28010.0
MinimumVisualStudioVersion = 10.0.40219.1
Project("{FAE04EC0-301F-11D3-BF4B-00C04F79EFBC}") = "PrototypePattern", "PrototypePattern\PrototypePattern.csproj", "{53012E3B-FB4D-4482-9630-7869AEB1D07A}"
EndProject
Global
	GlobalSection(SolutionConfigurationPlatforms) = preSolution
		Debug|Any CPU = Debug|Any CPU
		Release|Any CPU = Release|Any CPU
	EndGlobalSection
	GlobalSection(ProjectConfigurationPlatforms) = postSolution
		{53012E3B-FB4D-4482-9630-7869AEB1D07A}.Debug|Any CPU.ActiveCfg = Debug|Any CPU
		{53012E3B-FB4D-4482-9630-7869AEB1D07A}.Debug|Any CPU.Build.0 = Debug|Any CPU
		{53012E3B-FB4D-4482-9630-7869AEB1D07A}.Release|Any CPU.ActiveCfg = Release|Any CPU
		{53012E3B-FB4D-4482-9630-7869AEB1D07A}.Release|Any CPU.Build.0 = Release|Any CPU
	EndGlobalSection
	GlobalSection(SolutionProperties) = preSolution
		HideSolutionNode = FALSE
	EndGlobalSection
	GlobalSection(ExtensibilityGlobals) = postSolution
		SolutionGuid = {7FE777F4-94D6-4B74-A67E-794AE5E30A62}
	EndGlobalSection
EndGlobal
