
Microsoft Visual Studio Solution File, Format Version 12.00
# Visual Studio 15
VisualStudioVersion = 15.0.28010.0
MinimumVisualStudioVersion = 10.0.40219.1
Project("{FAE04EC0-301F-11D3-BF4B-00C04F79EFBC}") = "AbstractFactroy", "AbstractFactroy\AbstractFactroy.csproj", "{3A605488-6422-447E-88D6-5A0D8B50F417}"
EndProject
Global
	GlobalSection(SolutionConfigurationPlatforms) = preSolution
		Debug|Any CPU = Debug|Any CPU
		Release|Any CPU = Release|Any CPU
	EndGlobalSection
	GlobalSection(ProjectConfigurationPlatforms) = postSolution
		{3A605488-6422-447E-88D6-5A0D8B50F417}.Debug|Any CPU.ActiveCfg = Debug|Any CPU
		{3A605488-6422-447E-88D6-5A0D8B50F417}.Debug|Any CPU.Build.0 = Debug|Any CPU
		{3A605488-6422-447E-88D6-5A0D8B50F417}.Release|Any CPU.ActiveCfg = Release|Any CPU
		{3A605488-6422-447E-88D6-5A0D8B50F417}.Release|Any CPU.Build.0 = Release|Any CPU
	EndGlobalSection
	GlobalSection(SolutionProperties) = preSolution
		HideSolutionNode = FALSE
	EndGlobalSection
	GlobalSection(ExtensibilityGlobals) = postSolution
		SolutionGuid = {D3934652-E235-45C0-A5D5-A3F5A5DB592F}
	EndGlobalSection
EndGlobal
